// !$*UTF8*$!
{
	archiveVersion = 1;
	classes = {
	};
	objectVersion = 46;
	objects = {

/* Begin PBXBuildFile section */
		DE77BC9816897EF500C5E77B /* DDData.m in Sources */ = {isa = PBXBuildFile; fileRef = DE77BB4A16897EF500C5E77B /* DDData.m */; };
		DE77BC9916897EF500C5E77B /* DDNumber.m in Sources */ = {isa = PBXBuildFile; fileRef = DE77BB4C16897EF500C5E77B /* DDNumber.m */; };
		DE77BC9A16897EF500C5E77B /* DDRange.m in Sources */ = {isa = PBXBuildFile; fileRef = DE77BB4E16897EF500C5E77B /* DDRange.m */; };
		DE77BC9B16897EF500C5E77B /* HTTPAuthenticationRequest.m in Sources */ = {isa = PBXBuildFile; fileRef = DE77BB5016897EF500C5E77B /* HTTPAuthenticationRequest.m */; };
		DE77BC9C16897EF500C5E77B /* HTTPConnection.m in Sources */ = {isa = PBXBuildFile; fileRef = DE77BB5216897EF500C5E77B /* HTTPConnection.m */; };
		DE77BC9D16897EF500C5E77B /* HTTPMessage.m in Sources */ = {isa = PBXBuildFile; fileRef = DE77BB5516897EF500C5E77B /* HTTPMessage.m */; };
		DE77BC9E16897EF500C5E77B /* HTTPServer.m in Sources */ = {isa = PBXBuildFile; fileRef = DE77BB5816897EF500C5E77B /* HTTPServer.m */; };
		DE77BC9F16897EF500C5E77B /* MultipartFormDataParser.m in Sources */ = {isa = PBXBuildFile; fileRef = DE77BB5B16897EF500C5E77B /* MultipartFormDataParser.m */; };
		DE77BCA016897EF500C5E77B /* MultipartMessageHeader.m in Sources */ = {isa = PBXBuildFile; fileRef = DE77BB5D16897EF500C5E77B /* MultipartMessageHeader.m */; };
		DE77BCA116897EF500C5E77B /* MultipartMessageHeaderField.m in Sources */ = {isa = PBXBuildFile; fileRef = DE77BB5F16897EF500C5E77B /* MultipartMessageHeaderField.m */; };
		DE77BCA216897EF500C5E77B /* HTTPAsyncFileResponse.m in Sources */ = {isa = PBXBuildFile; fileRef = DE77BB6216897EF500C5E77B /* HTTPAsyncFileResponse.m */; };
		DE77BCA316897EF500C5E77B /* HTTPDataResponse.m in Sources */ = {isa = PBXBuildFile; fileRef = DE77BB6416897EF500C5E77B /* HTTPDataResponse.m */; };
		DE77BCA416897EF500C5E77B /* HTTPDynamicFileResponse.m in Sources */ = {isa = PBXBuildFile; fileRef = DE77BB6616897EF500C5E77B /* HTTPDynamicFileResponse.m */; };
		DE77BCA516897EF500C5E77B /* HTTPFileResponse.m in Sources */ = {isa = PBXBuildFile; fileRef = DE77BB6816897EF500C5E77B /* HTTPFileResponse.m */; };
		DE77BCA616897EF500C5E77B /* HTTPRedirectResponse.m in Sources */ = {isa = PBXBuildFile; fileRef = DE77BB6A16897EF500C5E77B /* HTTPRedirectResponse.m */; };
		DE77BCA716897EF500C5E77B /* WebSocket.m in Sources */ = {isa = PBXBuildFile; fileRef = DE77BB6C16897EF500C5E77B /* WebSocket.m */; };
		DE77BCAC16897EF500C5E77B /* LICENSE.txt in Resources */ = {isa = PBXBuildFile; fileRef = DE77BB7716897EF500C5E77B /* LICENSE.txt */; };
		DE77BCAD16897EF500C5E77B /* README.markdown in Resources */ = {isa = PBXBuildFile; fileRef = DE77BB7816897EF500C5E77B /* README.markdown */; };
		DE77BD0716897EF500C5E77B /* About.txt in Resources */ = {isa = PBXBuildFile; fileRef = DE77BC3B16897EF500C5E77B /* About.txt */; };
		DE77BD0816897EF500C5E77B /* GCDAsyncSocket.m in Sources */ = {isa = PBXBuildFile; fileRef = DE77BC3D16897EF500C5E77B /* GCDAsyncSocket.m */; };
		DE77BD0916897EF500C5E77B /* About.txt in Resources */ = {isa = PBXBuildFile; fileRef = DE77BC3F16897EF500C5E77B /* About.txt */; };
		DE77BD0A16897EF500C5E77B /* DDAbstractDatabaseLogger.m in Sources */ = {isa = PBXBuildFile; fileRef = DE77BC4116897EF500C5E77B /* DDAbstractDatabaseLogger.m */; };
		DE77BD0B16897EF500C5E77B /* DDASLLogger.m in Sources */ = {isa = PBXBuildFile; fileRef = DE77BC4316897EF500C5E77B /* DDASLLogger.m */; };
		DE77BD0C16897EF500C5E77B /* DDFileLogger.m in Sources */ = {isa = PBXBuildFile; fileRef = DE77BC4516897EF500C5E77B /* DDFileLogger.m */; };
		DE77BD0D16897EF500C5E77B /* DDLog.m in Sources */ = {isa = PBXBuildFile; fileRef = DE77BC4716897EF500C5E77B /* DDLog.m */; };
		DE77BD0E16897EF500C5E77B /* DDTTYLogger.m in Sources */ = {isa = PBXBuildFile; fileRef = DE77BC4916897EF500C5E77B /* DDTTYLogger.m */; };
		DE77BD0F16897EF500C5E77B /* ContextFilterLogFormatter.m in Sources */ = {isa = PBXBuildFile; fileRef = DE77BC4C16897EF500C5E77B /* ContextFilterLogFormatter.m */; };
		DE77BD1016897EF500C5E77B /* DispatchQueueLogFormatter.m in Sources */ = {isa = PBXBuildFile; fileRef = DE77BC4E16897EF500C5E77B /* DispatchQueueLogFormatter.m */; };
		DE77BD1116897EF500C5E77B /* README.txt in Resources */ = {isa = PBXBuildFile; fileRef = DE77BC4F16897EF500C5E77B /* README.txt */; };
		DE77BD1416897EF500C5E77B /* HTTPResponseProxy.m in Sources */ = {isa = PBXBuildFile; fileRef = DE77BC5416897EF500C5E77B /* HTTPResponseProxy.m */; };
		DE77BD1516897EF500C5E77B /* Route.m in Sources */ = {isa = PBXBuildFile; fileRef = DE77BC5616897EF500C5E77B /* Route.m */; };
		DE77BD1616897EF500C5E77B /* RouteRequest.m in Sources */ = {isa = PBXBuildFile; fileRef = DE77BC5816897EF500C5E77B /* RouteRequest.m */; };
		DE77BD1716897EF500C5E77B /* RouteResponse.m in Sources */ = {isa = PBXBuildFile; fileRef = DE77BC5A16897EF500C5E77B /* RouteResponse.m */; };
		DE77BD1816897EF500C5E77B /* RoutingConnection.m in Sources */ = {isa = PBXBuildFile; fileRef = DE77BC5C16897EF500C5E77B /* RoutingConnection.m */; };
		DE77BD1916897EF500C5E77B /* RoutingHTTPServer.m in Sources */ = {isa = PBXBuildFile; fileRef = DE77BC5E16897EF500C5E77B /* RoutingHTTPServer.m */; };
		DEE9E30F16891C650083C0F1 /* UIKit.framework in Frameworks */ = {isa = PBXBuildFile; fileRef = DEE9E30E16891C650083C0F1 /* UIKit.framework */; };
		DEE9E31116891C650083C0F1 /* Foundation.framework in Frameworks */ = {isa = PBXBuildFile; fileRef = DEE9E31016891C650083C0F1 /* Foundation.framework */; };
		DEE9E31316891C650083C0F1 /* CoreGraphics.framework in Frameworks */ = {isa = PBXBuildFile; fileRef = DEE9E31216891C650083C0F1 /* CoreGraphics.framework */; };
		DEE9E31916891C650083C0F1 /* InfoPlist.strings in Resources */ = {isa = PBXBuildFile; fileRef = DEE9E31716891C650083C0F1 /* InfoPlist.strings */; };
		DEE9E31B16891C650083C0F1 /* main.m in Sources */ = {isa = PBXBuildFile; fileRef = DEE9E31A16891C650083C0F1 /* main.m */; };
		DEE9E31F16891C650083C0F1 /* AppDelegate.m in Sources */ = {isa = PBXBuildFile; fileRef = DEE9E31E16891C650083C0F1 /* AppDelegate.m */; };
		DEE9E32116891C650083C0F1 /* Default.png in Resources */ = {isa = PBXBuildFile; fileRef = DEE9E32016891C650083C0F1 /* Default.png */; };
		DEE9E32316891C650083C0F1 /* Default@2x.png in Resources */ = {isa = PBXBuildFile; fileRef = DEE9E32216891C650083C0F1 /* Default@2x.png */; };
		DEE9E32516891C650083C0F1 /* Default-568h@2x.png in Resources */ = {isa = PBXBuildFile; fileRef = DEE9E32416891C650083C0F1 /* Default-568h@2x.png */; };
		DEE9E32816891C650083C0F1 /* ViewController.m in Sources */ = {isa = PBXBuildFile; fileRef = DEE9E32716891C650083C0F1 /* ViewController.m */; };
		DEE9E32B16891C650083C0F1 /* ViewController.xib in Resources */ = {isa = PBXBuildFile; fileRef = DEE9E32916891C650083C0F1 /* ViewController.xib */; };
		DEF9C49D168931010041AED8 /* Web in Resources */ = {isa = PBXBuildFile; fileRef = DEF9C49C168931010041AED8 /* Web */; };
		DEF9C49F168931600041AED8 /* CFNetwork.framework in Frameworks */ = {isa = PBXBuildFile; fileRef = DEF9C49E168931600041AED8 /* CFNetwork.framework */; };
		DEF9C4A1168931680041AED8 /* Security.framework in Frameworks */ = {isa = PBXBuildFile; fileRef = DEF9C4A0168931680041AED8 /* Security.framework */; };
		DEF9C8CE168938250041AED8 /* MediaPlayer.framework in Frameworks */ = {isa = PBXBuildFile; fileRef = DEF9C8CD168938250041AED8 /* MediaPlayer.framework */; };
/* End PBXBuildFile section */

/* Begin PBXFileReference section */
		DE77BB4916897EF500C5E77B /* DDData.h */ = {isa = PBXFileReference; fileEncoding = 4; lastKnownFileType = sourcecode.c.h; path = DDData.h; sourceTree = "<group>"; };
		DE77BB4A16897EF500C5E77B /* DDData.m */ = {isa = PBXFileReference; fileEncoding = 4; lastKnownFileType = sourcecode.c.objc; path = DDData.m; sourceTree = "<group>"; };
		DE77BB4B16897EF500C5E77B /* DDNumber.h */ = {isa = PBXFileReference; fileEncoding = 4; lastKnownFileType = sourcecode.c.h; path = DDNumber.h; sourceTree = "<group>"; };
		DE77BB4C16897EF500C5E77B /* DDNumber.m */ = {isa = PBXFileReference; fileEncoding = 4; lastKnownFileType = sourcecode.c.objc; path = DDNumber.m; sourceTree = "<group>"; };
		DE77BB4D16897EF500C5E77B /* DDRange.h */ = {isa = PBXFileReference; fileEncoding = 4; lastKnownFileType = sourcecode.c.h; path = DDRange.h; sourceTree = "<group>"; };
		DE77BB4E16897EF500C5E77B /* DDRange.m */ = {isa = PBXFileReference; fileEncoding = 4; lastKnownFileType = sourcecode.c.objc; path = DDRange.m; sourceTree = "<group>"; };
		DE77BB4F16897EF500C5E77B /* HTTPAuthenticationRequest.h */ = {isa = PBXFileReference; fileEncoding = 4; lastKnownFileType = sourcecode.c.h; path = HTTPAuthenticationRequest.h; sourceTree = "<group>"; };
		DE77BB5016897EF500C5E77B /* HTTPAuthenticationRequest.m */ = {isa = PBXFileReference; fileEncoding = 4; lastKnownFileType = sourcecode.c.objc; path = HTTPAuthenticationRequest.m; sourceTree = "<group>"; };
		DE77BB5116897EF500C5E77B /* HTTPConnection.h */ = {isa = PBXFileReference; fileEncoding = 4; lastKnownFileType = sourcecode.c.h; path = HTTPConnection.h; sourceTree = "<group>"; };
		DE77BB5216897EF500C5E77B /* HTTPConnection.m */ = {isa = PBXFileReference; fileEncoding = 4; lastKnownFileType = sourcecode.c.objc; path = HTTPConnection.m; sourceTree = "<group>"; };
		DE77BB5316897EF500C5E77B /* HTTPLogging.h */ = {isa = PBXFileReference; fileEncoding = 4; lastKnownFileType = sourcecode.c.h; path = HTTPLogging.h; sourceTree = "<group>"; };
		DE77BB5416897EF500C5E77B /* HTTPMessage.h */ = {isa = PBXFileReference; fileEncoding = 4; lastKnownFileType = sourcecode.c.h; path = HTTPMessage.h; sourceTree = "<group>"; };
		DE77BB5516897EF500C5E77B /* HTTPMessage.m */ = {isa = PBXFileReference; fileEncoding = 4; lastKnownFileType = sourcecode.c.objc; path = HTTPMessage.m; sourceTree = "<group>"; };
		DE77BB5616897EF500C5E77B /* HTTPResponse.h */ = {isa = PBXFileReference; fileEncoding = 4; lastKnownFileType = sourcecode.c.h; path = HTTPResponse.h; sourceTree = "<group>"; };
		DE77BB5716897EF500C5E77B /* HTTPServer.h */ = {isa = PBXFileReference; fileEncoding = 4; lastKnownFileType = sourcecode.c.h; path = HTTPServer.h; sourceTree = "<group>"; };
		DE77BB5816897EF500C5E77B /* HTTPServer.m */ = {isa = PBXFileReference; fileEncoding = 4; lastKnownFileType = sourcecode.c.objc; path = HTTPServer.m; sourceTree = "<group>"; };
		DE77BB5A16897EF500C5E77B /* MultipartFormDataParser.h */ = {isa = PBXFileReference; fileEncoding = 4; lastKnownFileType = sourcecode.c.h; path = MultipartFormDataParser.h; sourceTree = "<group>"; };
		DE77BB5B16897EF500C5E77B /* MultipartFormDataParser.m */ = {isa = PBXFileReference; fileEncoding = 4; lastKnownFileType = sourcecode.c.objc; path = MultipartFormDataParser.m; sourceTree = "<group>"; };
		DE77BB5C16897EF500C5E77B /* MultipartMessageHeader.h */ = {isa = PBXFileReference; fileEncoding = 4; lastKnownFileType = sourcecode.c.h; path = MultipartMessageHeader.h; sourceTree = "<group>"; };
		DE77BB5D16897EF500C5E77B /* MultipartMessageHeader.m */ = {isa = PBXFileReference; fileEncoding = 4; lastKnownFileType = sourcecode.c.objc; path = MultipartMessageHeader.m; sourceTree = "<group>"; };
		DE77BB5E16897EF500C5E77B /* MultipartMessageHeaderField.h */ = {isa = PBXFileReference; fileEncoding = 4; lastKnownFileType = sourcecode.c.h; path = MultipartMessageHeaderField.h; sourceTree = "<group>"; };
		DE77BB5F16897EF500C5E77B /* MultipartMessageHeaderField.m */ = {isa = PBXFileReference; fileEncoding = 4; lastKnownFileType = sourcecode.c.objc; path = MultipartMessageHeaderField.m; sourceTree = "<group>"; };
		DE77BB6116897EF500C5E77B /* HTTPAsyncFileResponse.h */ = {isa = PBXFileReference; fileEncoding = 4; lastKnownFileType = sourcecode.c.h; path = HTTPAsyncFileResponse.h; sourceTree = "<group>"; };
		DE77BB6216897EF500C5E77B /* HTTPAsyncFileResponse.m */ = {isa = PBXFileReference; fileEncoding = 4; lastKnownFileType = sourcecode.c.objc; path = HTTPAsyncFileResponse.m; sourceTree = "<group>"; };
		DE77BB6316897EF500C5E77B /* HTTPDataResponse.h */ = {isa = PBXFileReference; fileEncoding = 4; lastKnownFileType = sourcecode.c.h; path = HTTPDataResponse.h; sourceTree = "<group>"; };
		DE77BB6416897EF500C5E77B /* HTTPDataResponse.m */ = {isa = PBXFileReference; fileEncoding = 4; lastKnownFileType = sourcecode.c.objc; path = HTTPDataResponse.m; sourceTree = "<group>"; };
		DE77BB6516897EF500C5E77B /* HTTPDynamicFileResponse.h */ = {isa = PBXFileReference; fileEncoding = 4; lastKnownFileType = sourcecode.c.h; path = HTTPDynamicFileResponse.h; sourceTree = "<group>"; };
		DE77BB6616897EF500C5E77B /* HTTPDynamicFileResponse.m */ = {isa = PBXFileReference; fileEncoding = 4; lastKnownFileType = sourcecode.c.objc; path = HTTPDynamicFileResponse.m; sourceTree = "<group>"; };
		DE77BB6716897EF500C5E77B /* HTTPFileResponse.h */ = {isa = PBXFileReference; fileEncoding = 4; lastKnownFileType = sourcecode.c.h; path = HTTPFileResponse.h; sourceTree = "<group>"; };
		DE77BB6816897EF500C5E77B /* HTTPFileResponse.m */ = {isa = PBXFileReference; fileEncoding = 4; lastKnownFileType = sourcecode.c.objc; path = HTTPFileResponse.m; sourceTree = "<group>"; };
		DE77BB6916897EF500C5E77B /* HTTPRedirectResponse.h */ = {isa = PBXFileReference; fileEncoding = 4; lastKnownFileType = sourcecode.c.h; path = HTTPRedirectResponse.h; sourceTree = "<group>"; };
		DE77BB6A16897EF500C5E77B /* HTTPRedirectResponse.m */ = {isa = PBXFileReference; fileEncoding = 4; lastKnownFileType = sourcecode.c.objc; path = HTTPRedirectResponse.m; sourceTree = "<group>"; };
		DE77BB6B16897EF500C5E77B /* WebSocket.h */ = {isa = PBXFileReference; fileEncoding = 4; lastKnownFileType = sourcecode.c.h; path = WebSocket.h; sourceTree = "<group>"; };
		DE77BB6C16897EF500C5E77B /* WebSocket.m */ = {isa = PBXFileReference; fileEncoding = 4; lastKnownFileType = sourcecode.c.objc; path = WebSocket.m; sourceTree = "<group>"; };
		DE77BB7716897EF500C5E77B /* LICENSE.txt */ = {isa = PBXFileReference; fileEncoding = 4; lastKnownFileType = text; path = LICENSE.txt; sourceTree = "<group>"; };
		DE77BB7816897EF500C5E77B /* README.markdown */ = {isa = PBXFileReference; fileEncoding = 4; lastKnownFileType = text; path = README.markdown; sourceTree = "<group>"; };
		DE77BC3B16897EF500C5E77B /* About.txt */ = {isa = PBXFileReference; fileEncoding = 4; lastKnownFileType = text; path = About.txt; sourceTree = "<group>"; };
		DE77BC3C16897EF500C5E77B /* GCDAsyncSocket.h */ = {isa = PBXFileReference; fileEncoding = 4; lastKnownFileType = sourcecode.c.h; path = GCDAsyncSocket.h; sourceTree = "<group>"; };
		DE77BC3D16897EF500C5E77B /* GCDAsyncSocket.m */ = {isa = PBXFileReference; fileEncoding = 4; lastKnownFileType = sourcecode.c.objc; path = GCDAsyncSocket.m; sourceTree = "<group>"; };
		DE77BC3F16897EF500C5E77B /* About.txt */ = {isa = PBXFileReference; fileEncoding = 4; lastKnownFileType = text; path = About.txt; sourceTree = "<group>"; };
		DE77BC4016897EF500C5E77B /* DDAbstractDatabaseLogger.h */ = {isa = PBXFileReference; fileEncoding = 4; lastKnownFileType = sourcecode.c.h; path = DDAbstractDatabaseLogger.h; sourceTree = "<group>"; };
		DE77BC4116897EF500C5E77B /* DDAbstractDatabaseLogger.m */ = {isa = PBXFileReference; fileEncoding = 4; lastKnownFileType = sourcecode.c.objc; path = DDAbstractDatabaseLogger.m; sourceTree = "<group>"; };
		DE77BC4216897EF500C5E77B /* DDASLLogger.h */ = {isa = PBXFileReference; fileEncoding = 4; lastKnownFileType = sourcecode.c.h; path = DDASLLogger.h; sourceTree = "<group>"; };
		DE77BC4316897EF500C5E77B /* DDASLLogger.m */ = {isa = PBXFileReference; fileEncoding = 4; lastKnownFileType = sourcecode.c.objc; path = DDASLLogger.m; sourceTree = "<group>"; };
		DE77BC4416897EF500C5E77B /* DDFileLogger.h */ = {isa = PBXFileReference; fileEncoding = 4; lastKnownFileType = sourcecode.c.h; path = DDFileLogger.h; sourceTree = "<group>"; };
		DE77BC4516897EF500C5E77B /* DDFileLogger.m */ = {isa = PBXFileReference; fileEncoding = 4; lastKnownFileType = sourcecode.c.objc; path = DDFileLogger.m; sourceTree = "<group>"; };
		DE77BC4616897EF500C5E77B /* DDLog.h */ = {isa = PBXFileReference; fileEncoding = 4; lastKnownFileType = sourcecode.c.h; path = DDLog.h; sourceTree = "<group>"; };
		DE77BC4716897EF500C5E77B /* DDLog.m */ = {isa = PBXFileReference; fileEncoding = 4; lastKnownFileType = sourcecode.c.objc; path = DDLog.m; sourceTree = "<group>"; };
		DE77BC4816897EF500C5E77B /* DDTTYLogger.h */ = {isa = PBXFileReference; fileEncoding = 4; lastKnownFileType = sourcecode.c.h; path = DDTTYLogger.h; sourceTree = "<group>"; };
		DE77BC4916897EF500C5E77B /* DDTTYLogger.m */ = {isa = PBXFileReference; fileEncoding = 4; lastKnownFileType = sourcecode.c.objc; path = DDTTYLogger.m; sourceTree = "<group>"; };
		DE77BC4B16897EF500C5E77B /* ContextFilterLogFormatter.h */ = {isa = PBXFileReference; fileEncoding = 4; lastKnownFileType = sourcecode.c.h; path = ContextFilterLogFormatter.h; sourceTree = "<group>"; };
		DE77BC4C16897EF500C5E77B /* ContextFilterLogFormatter.m */ = {isa = PBXFileReference; fileEncoding = 4; lastKnownFileType = sourcecode.c.objc; path = ContextFilterLogFormatter.m; sourceTree = "<group>"; };
		DE77BC4D16897EF500C5E77B /* DispatchQueueLogFormatter.h */ = {isa = PBXFileReference; fileEncoding = 4; lastKnownFileType = sourcecode.c.h; path = DispatchQueueLogFormatter.h; sourceTree = "<group>"; };
		DE77BC4E16897EF500C5E77B /* DispatchQueueLogFormatter.m */ = {isa = PBXFileReference; fileEncoding = 4; lastKnownFileType = sourcecode.c.objc; path = DispatchQueueLogFormatter.m; sourceTree = "<group>"; };
		DE77BC4F16897EF500C5E77B /* README.txt */ = {isa = PBXFileReference; fileEncoding = 4; lastKnownFileType = text; path = README.txt; sourceTree = "<group>"; };
		DE77BC5316897EF500C5E77B /* HTTPResponseProxy.h */ = {isa = PBXFileReference; fileEncoding = 4; lastKnownFileType = sourcecode.c.h; path = HTTPResponseProxy.h; sourceTree = "<group>"; };
		DE77BC5416897EF500C5E77B /* HTTPResponseProxy.m */ = {isa = PBXFileReference; fileEncoding = 4; lastKnownFileType = sourcecode.c.objc; path = HTTPResponseProxy.m; sourceTree = "<group>"; };
		DE77BC5516897EF500C5E77B /* Route.h */ = {isa = PBXFileReference; fileEncoding = 4; lastKnownFileType = sourcecode.c.h; path = Route.h; sourceTree = "<group>"; };
		DE77BC5616897EF500C5E77B /* Route.m */ = {isa = PBXFileReference; fileEncoding = 4; lastKnownFileType = sourcecode.c.objc; path = Route.m; sourceTree = "<group>"; };
		DE77BC5716897EF500C5E77B /* RouteRequest.h */ = {isa = PBXFileReference; fileEncoding = 4; lastKnownFileType = sourcecode.c.h; path = RouteRequest.h; sourceTree = "<group>"; };
		DE77BC5816897EF500C5E77B /* RouteRequest.m */ = {isa = PBXFileReference; fileEncoding = 4; lastKnownFileType = sourcecode.c.objc; path = RouteRequest.m; sourceTree = "<group>"; };
		DE77BC5916897EF500C5E77B /* RouteResponse.h */ = {isa = PBXFileReference; fileEncoding = 4; lastKnownFileType = sourcecode.c.h; path = RouteResponse.h; sourceTree = "<group>"; };
		DE77BC5A16897EF500C5E77B /* RouteResponse.m */ = {isa = PBXFileReference; fileEncoding = 4; lastKnownFileType = sourcecode.c.objc; path = RouteResponse.m; sourceTree = "<group>"; };
		DE77BC5B16897EF500C5E77B /* RoutingConnection.h */ = {isa = PBXFileReference; fileEncoding = 4; lastKnownFileType = sourcecode.c.h; path = RoutingConnection.h; sourceTree = "<group>"; };
		DE77BC5C16897EF500C5E77B /* RoutingConnection.m */ = {isa = PBXFileReference; fileEncoding = 4; lastKnownFileType = sourcecode.c.objc; path = RoutingConnection.m; sourceTree = "<group>"; };
		DE77BC5D16897EF500C5E77B /* RoutingHTTPServer.h */ = {isa = PBXFileReference; fileEncoding = 4; lastKnownFileType = sourcecode.c.h; path = RoutingHTTPServer.h; sourceTree = "<group>"; };
		DE77BC5E16897EF500C5E77B /* RoutingHTTPServer.m */ = {isa = PBXFileReference; fileEncoding = 4; lastKnownFileType = sourcecode.c.objc; path = RoutingHTTPServer.m; sourceTree = "<group>"; };
		DEE9E30A16891C650083C0F1 /* Jukebox.app */ = {isa = PBXFileReference; explicitFileType = wrapper.application; includeInIndex = 0; path = Jukebox.app; sourceTree = BUILT_PRODUCTS_DIR; };
		DEE9E30E16891C650083C0F1 /* UIKit.framework */ = {isa = PBXFileReference; lastKnownFileType = wrapper.framework; name = UIKit.framework; path = System/Library/Frameworks/UIKit.framework; sourceTree = SDKROOT; };
		DEE9E31016891C650083C0F1 /* Foundation.framework */ = {isa = PBXFileReference; lastKnownFileType = wrapper.framework; name = Foundation.framework; path = System/Library/Frameworks/Foundation.framework; sourceTree = SDKROOT; };
		DEE9E31216891C650083C0F1 /* CoreGraphics.framework */ = {isa = PBXFileReference; lastKnownFileType = wrapper.framework; name = CoreGraphics.framework; path = System/Library/Frameworks/CoreGraphics.framework; sourceTree = SDKROOT; };
		DEE9E31616891C650083C0F1 /* Jukebox-Info.plist */ = {isa = PBXFileReference; lastKnownFileType = text.plist.xml; path = "Jukebox-Info.plist"; sourceTree = "<group>"; };
		DEE9E31816891C650083C0F1 /* en */ = {isa = PBXFileReference; lastKnownFileType = text.plist.strings; name = en; path = en.lproj/InfoPlist.strings; sourceTree = "<group>"; };
		DEE9E31A16891C650083C0F1 /* main.m */ = {isa = PBXFileReference; lastKnownFileType = sourcecode.c.objc; path = main.m; sourceTree = "<group>"; };
		DEE9E31C16891C650083C0F1 /* Jukebox-Prefix.pch */ = {isa = PBXFileReference; lastKnownFileType = sourcecode.c.h; path = "Jukebox-Prefix.pch"; sourceTree = "<group>"; };
		DEE9E31D16891C650083C0F1 /* AppDelegate.h */ = {isa = PBXFileReference; lastKnownFileType = sourcecode.c.h; path = AppDelegate.h; sourceTree = "<group>"; };
		DEE9E31E16891C650083C0F1 /* AppDelegate.m */ = {isa = PBXFileReference; lastKnownFileType = sourcecode.c.objc; path = AppDelegate.m; sourceTree = "<group>"; };
		DEE9E32016891C650083C0F1 /* Default.png */ = {isa = PBXFileReference; lastKnownFileType = image.png; path = Default.png; sourceTree = "<group>"; };
		DEE9E32216891C650083C0F1 /* Default@2x.png */ = {isa = PBXFileReference; lastKnownFileType = image.png; path = "Default@2x.png"; sourceTree = "<group>"; };
		DEE9E32416891C650083C0F1 /* Default-568h@2x.png */ = {isa = PBXFileReference; lastKnownFileType = image.png; path = "Default-568h@2x.png"; sourceTree = "<group>"; };
		DEE9E32616891C650083C0F1 /* ViewController.h */ = {isa = PBXFileReference; lastKnownFileType = sourcecode.c.h; path = ViewController.h; sourceTree = "<group>"; };
		DEE9E32716891C650083C0F1 /* ViewController.m */ = {isa = PBXFileReference; lastKnownFileType = sourcecode.c.objc; path = ViewController.m; sourceTree = "<group>"; };
		DEE9E32A16891C650083C0F1 /* en */ = {isa = PBXFileReference; lastKnownFileType = file.xib; name = en; path = en.lproj/ViewController.xib; sourceTree = "<group>"; };
		DEF9C49C168931010041AED8 /* Web */ = {isa = PBXFileReference; lastKnownFileType = folder; name = Web; path = Jukebox/Web; sourceTree = "<group>"; };
		DEF9C49E168931600041AED8 /* CFNetwork.framework */ = {isa = PBXFileReference; lastKnownFileType = wrapper.framework; name = CFNetwork.framework; path = System/Library/Frameworks/CFNetwork.framework; sourceTree = SDKROOT; };
		DEF9C4A0168931680041AED8 /* Security.framework */ = {isa = PBXFileReference; lastKnownFileType = wrapper.framework; name = Security.framework; path = System/Library/Frameworks/Security.framework; sourceTree = SDKROOT; };
		DEF9C8CD168938250041AED8 /* MediaPlayer.framework */ = {isa = PBXFileReference; lastKnownFileType = wrapper.framework; name = MediaPlayer.framework; path = System/Library/Frameworks/MediaPlayer.framework; sourceTree = SDKROOT; };
/* End PBXFileReference section */

/* Begin PBXFrameworksBuildPhase section */
		DEE9E30716891C650083C0F1 /* Frameworks */ = {
			isa = PBXFrameworksBuildPhase;
			buildActionMask = 2147483647;
			files = (
				DEF9C8CE168938250041AED8 /* MediaPlayer.framework in Frameworks */,
				DEF9C4A1168931680041AED8 /* Security.framework in Frameworks */,
				DEF9C49F168931600041AED8 /* CFNetwork.framework in Frameworks */,
				DEE9E30F16891C650083C0F1 /* UIKit.framework in Frameworks */,
				DEE9E31116891C650083C0F1 /* Foundation.framework in Frameworks */,
				DEE9E31316891C650083C0F1 /* CoreGraphics.framework in Frameworks */,
			);
			runOnlyForDeploymentPostprocessing = 0;
		};
/* End PBXFrameworksBuildPhase section */

/* Begin PBXGroup section */
		DE77BB2A16897EF500C5E77B /* RoutingHTTPServer */ = {
			isa = PBXGroup;
			children = (
				DE77BB4316897EF500C5E77B /* External */,
				DE77BC5216897EF500C5E77B /* Source */,
			);
			path = RoutingHTTPServer;
			sourceTree = "<group>";
		};
		DE77BB4316897EF500C5E77B /* External */ = {
			isa = PBXGroup;
			children = (
				DE77BB4416897EF500C5E77B /* CocoaHTTPServer */,
			);
			path = External;
			sourceTree = "<group>";
		};
		DE77BB4416897EF500C5E77B /* CocoaHTTPServer */ = {
			isa = PBXGroup;
			children = (
				DE77BB4716897EF500C5E77B /* Core */,
				DE77BB7716897EF500C5E77B /* LICENSE.txt */,
				DE77BB7816897EF500C5E77B /* README.markdown */,
				DE77BC3916897EF500C5E77B /* Vendor */,
			);
			path = CocoaHTTPServer;
			sourceTree = "<group>";
		};
		DE77BB4716897EF500C5E77B /* Core */ = {
			isa = PBXGroup;
			children = (
				DE77BB4816897EF500C5E77B /* Categories */,
				DE77BB4F16897EF500C5E77B /* HTTPAuthenticationRequest.h */,
				DE77BB5016897EF500C5E77B /* HTTPAuthenticationRequest.m */,
				DE77BB5116897EF500C5E77B /* HTTPConnection.h */,
				DE77BB5216897EF500C5E77B /* HTTPConnection.m */,
				DE77BB5316897EF500C5E77B /* HTTPLogging.h */,
				DE77BB5416897EF500C5E77B /* HTTPMessage.h */,
				DE77BB5516897EF500C5E77B /* HTTPMessage.m */,
				DE77BB5616897EF500C5E77B /* HTTPResponse.h */,
				DE77BB5716897EF500C5E77B /* HTTPServer.h */,
				DE77BB5816897EF500C5E77B /* HTTPServer.m */,
				DE77BB5916897EF500C5E77B /* Mime */,
				DE77BB6016897EF500C5E77B /* Responses */,
				DE77BB6B16897EF500C5E77B /* WebSocket.h */,
				DE77BB6C16897EF500C5E77B /* WebSocket.m */,
			);
			path = Core;
			sourceTree = "<group>";
		};
		DE77BB4816897EF500C5E77B /* Categories */ = {
			isa = PBXGroup;
			children = (
				DE77BB4916897EF500C5E77B /* DDData.h */,
				DE77BB4A16897EF500C5E77B /* DDData.m */,
				DE77BB4B16897EF500C5E77B /* DDNumber.h */,
				DE77BB4C16897EF500C5E77B /* DDNumber.m */,
				DE77BB4D16897EF500C5E77B /* DDRange.h */,
				DE77BB4E16897EF500C5E77B /* DDRange.m */,
			);
			path = Categories;
			sourceTree = "<group>";
		};
		DE77BB5916897EF500C5E77B /* Mime */ = {
			isa = PBXGroup;
			children = (
				DE77BB5A16897EF500C5E77B /* MultipartFormDataParser.h */,
				DE77BB5B16897EF500C5E77B /* MultipartFormDataParser.m */,
				DE77BB5C16897EF500C5E77B /* MultipartMessageHeader.h */,
				DE77BB5D16897EF500C5E77B /* MultipartMessageHeader.m */,
				DE77BB5E16897EF500C5E77B /* MultipartMessageHeaderField.h */,
				DE77BB5F16897EF500C5E77B /* MultipartMessageHeaderField.m */,
			);
			path = Mime;
			sourceTree = "<group>";
		};
		DE77BB6016897EF500C5E77B /* Responses */ = {
			isa = PBXGroup;
			children = (
				DE77BB6116897EF500C5E77B /* HTTPAsyncFileResponse.h */,
				DE77BB6216897EF500C5E77B /* HTTPAsyncFileResponse.m */,
				DE77BB6316897EF500C5E77B /* HTTPDataResponse.h */,
				DE77BB6416897EF500C5E77B /* HTTPDataResponse.m */,
				DE77BB6516897EF500C5E77B /* HTTPDynamicFileResponse.h */,
				DE77BB6616897EF500C5E77B /* HTTPDynamicFileResponse.m */,
				DE77BB6716897EF500C5E77B /* HTTPFileResponse.h */,
				DE77BB6816897EF500C5E77B /* HTTPFileResponse.m */,
				DE77BB6916897EF500C5E77B /* HTTPRedirectResponse.h */,
				DE77BB6A16897EF500C5E77B /* HTTPRedirectResponse.m */,
			);
			path = Responses;
			sourceTree = "<group>";
		};
		DE77BC3916897EF500C5E77B /* Vendor */ = {
			isa = PBXGroup;
			children = (
				DE77BC3A16897EF500C5E77B /* CocoaAsyncSocket */,
				DE77BC3E16897EF500C5E77B /* CocoaLumberjack */,
			);
			path = Vendor;
			sourceTree = "<group>";
		};
		DE77BC3A16897EF500C5E77B /* CocoaAsyncSocket */ = {
			isa = PBXGroup;
			children = (
				DE77BC3B16897EF500C5E77B /* About.txt */,
				DE77BC3C16897EF500C5E77B /* GCDAsyncSocket.h */,
				DE77BC3D16897EF500C5E77B /* GCDAsyncSocket.m */,
			);
			path = CocoaAsyncSocket;
			sourceTree = "<group>";
		};
		DE77BC3E16897EF500C5E77B /* CocoaLumberjack */ = {
			isa = PBXGroup;
			children = (
				DE77BC3F16897EF500C5E77B /* About.txt */,
				DE77BC4016897EF500C5E77B /* DDAbstractDatabaseLogger.h */,
				DE77BC4116897EF500C5E77B /* DDAbstractDatabaseLogger.m */,
				DE77BC4216897EF500C5E77B /* DDASLLogger.h */,
				DE77BC4316897EF500C5E77B /* DDASLLogger.m */,
				DE77BC4416897EF500C5E77B /* DDFileLogger.h */,
				DE77BC4516897EF500C5E77B /* DDFileLogger.m */,
				DE77BC4616897EF500C5E77B /* DDLog.h */,
				DE77BC4716897EF500C5E77B /* DDLog.m */,
				DE77BC4816897EF500C5E77B /* DDTTYLogger.h */,
				DE77BC4916897EF500C5E77B /* DDTTYLogger.m */,
				DE77BC4A16897EF500C5E77B /* Extensions */,
			);
			path = CocoaLumberjack;
			sourceTree = "<group>";
		};
		DE77BC4A16897EF500C5E77B /* Extensions */ = {
			isa = PBXGroup;
			children = (
				DE77BC4B16897EF500C5E77B /* ContextFilterLogFormatter.h */,
				DE77BC4C16897EF500C5E77B /* ContextFilterLogFormatter.m */,
				DE77BC4D16897EF500C5E77B /* DispatchQueueLogFormatter.h */,
				DE77BC4E16897EF500C5E77B /* DispatchQueueLogFormatter.m */,
				DE77BC4F16897EF500C5E77B /* README.txt */,
			);
			path = Extensions;
			sourceTree = "<group>";
		};
		DE77BC5216897EF500C5E77B /* Source */ = {
			isa = PBXGroup;
			children = (
				DE77BC5316897EF500C5E77B /* HTTPResponseProxy.h */,
				DE77BC5416897EF500C5E77B /* HTTPResponseProxy.m */,
				DE77BC5516897EF500C5E77B /* Route.h */,
				DE77BC5616897EF500C5E77B /* Route.m */,
				DE77BC5716897EF500C5E77B /* RouteRequest.h */,
				DE77BC5816897EF500C5E77B /* RouteRequest.m */,
				DE77BC5916897EF500C5E77B /* RouteResponse.h */,
				DE77BC5A16897EF500C5E77B /* RouteResponse.m */,
				DE77BC5B16897EF500C5E77B /* RoutingConnection.h */,
				DE77BC5C16897EF500C5E77B /* RoutingConnection.m */,
				DE77BC5D16897EF500C5E77B /* RoutingHTTPServer.h */,
				DE77BC5E16897EF500C5E77B /* RoutingHTTPServer.m */,
			);
			path = Source;
			sourceTree = "<group>";
		};
		DEE9E2FF16891C650083C0F1 = {
			isa = PBXGroup;
			children = (
				DE77BB2A16897EF500C5E77B /* RoutingHTTPServer */,
				DEF9C49C168931010041AED8 /* Web */,
				DEE9E31416891C650083C0F1 /* Jukebox */,
				DEE9E30D16891C650083C0F1 /* Frameworks */,
				DEE9E30B16891C650083C0F1 /* Products */,
			);
			sourceTree = "<group>";
		};
		DEE9E30B16891C650083C0F1 /* Products */ = {
			isa = PBXGroup;
			children = (
				DEE9E30A16891C650083C0F1 /* Jukebox.app */,
			);
			name = Products;
			sourceTree = "<group>";
		};
		DEE9E30D16891C650083C0F1 /* Frameworks */ = {
			isa = PBXGroup;
			children = (
				DEF9C8CD168938250041AED8 /* MediaPlayer.framework */,
				DEF9C4A0168931680041AED8 /* Security.framework */,
				DEF9C49E168931600041AED8 /* CFNetwork.framework */,
				DEE9E30E16891C650083C0F1 /* UIKit.framework */,
				DEE9E31016891C650083C0F1 /* Foundation.framework */,
				DEE9E31216891C650083C0F1 /* CoreGraphics.framework */,
			);
			name = Frameworks;
			sourceTree = "<group>";
		};
		DEE9E31416891C650083C0F1 /* Jukebox */ = {
			isa = PBXGroup;
			children = (
				DEE9E31D16891C650083C0F1 /* AppDelegate.h */,
				DEE9E31E16891C650083C0F1 /* AppDelegate.m */,
				DEE9E32616891C650083C0F1 /* ViewController.h */,
				DEE9E32716891C650083C0F1 /* ViewController.m */,
				DEE9E32916891C650083C0F1 /* ViewController.xib */,
				DEE9E31516891C650083C0F1 /* Supporting Files */,
			);
			path = Jukebox;
			sourceTree = "<group>";
		};
		DEE9E31516891C650083C0F1 /* Supporting Files */ = {
			isa = PBXGroup;
			children = (
				DEE9E31616891C650083C0F1 /* Jukebox-Info.plist */,
				DEE9E31716891C650083C0F1 /* InfoPlist.strings */,
				DEE9E31A16891C650083C0F1 /* main.m */,
				DEE9E31C16891C650083C0F1 /* Jukebox-Prefix.pch */,
				DEE9E32016891C650083C0F1 /* Default.png */,
				DEE9E32216891C650083C0F1 /* Default@2x.png */,
				DEE9E32416891C650083C0F1 /* Default-568h@2x.png */,
			);
			name = "Supporting Files";
			sourceTree = "<group>";
		};
/* End PBXGroup section */

/* Begin PBXNativeTarget section */
		DEE9E30916891C650083C0F1 /* Jukebox */ = {
			isa = PBXNativeTarget;
			buildConfigurationList = DEE9E32E16891C650083C0F1 /* Build configuration list for PBXNativeTarget "Jukebox" */;
			buildPhases = (
				DEE9E30616891C650083C0F1 /* Sources */,
				DEE9E30716891C650083C0F1 /* Frameworks */,
				DEE9E30816891C650083C0F1 /* Resources */,
			);
			buildRules = (
			);
			dependencies = (
			);
			name = Jukebox;
			productName = Jukebox;
			productReference = DEE9E30A16891C650083C0F1 /* Jukebox.app */;
			productType = "com.apple.product-type.application";
		};
/* End PBXNativeTarget section */

/* Begin PBXProject section */
		DEE9E30116891C650083C0F1 /* Project object */ = {
			isa = PBXProject;
			attributes = {
				LastUpgradeCheck = 0450;
				ORGANIZATIONNAME = Kasra;
			};
			buildConfigurationList = DEE9E30416891C650083C0F1 /* Build configuration list for PBXProject "Jukebox" */;
			compatibilityVersion = "Xcode 3.2";
			developmentRegion = English;
			hasScannedForEncodings = 0;
			knownRegions = (
				en,
				English,
			);
			mainGroup = DEE9E2FF16891C650083C0F1;
			productRefGroup = DEE9E30B16891C650083C0F1 /* Products */;
			projectDirPath = "";
			projectRoot = "";
			targets = (
				DEE9E30916891C650083C0F1 /* Jukebox */,
			);
		};
/* End PBXProject section */

/* Begin PBXResourcesBuildPhase section */
		DEE9E30816891C650083C0F1 /* Resources */ = {
			isa = PBXResourcesBuildPhase;
			buildActionMask = 2147483647;
			files = (
				DEE9E31916891C650083C0F1 /* InfoPlist.strings in Resources */,
				DEE9E32116891C650083C0F1 /* Default.png in Resources */,
				DEE9E32316891C650083C0F1 /* Default@2x.png in Resources */,
				DEE9E32516891C650083C0F1 /* Default-568h@2x.png in Resources */,
				DEE9E32B16891C650083C0F1 /* ViewController.xib in Resources */,
				DEF9C49D168931010041AED8 /* Web in Resources */,
				DE77BCAC16897EF500C5E77B /* LICENSE.txt in Resources */,
				DE77BCAD16897EF500C5E77B /* README.markdown in Resources */,
				DE77BD0716897EF500C5E77B /* About.txt in Resources */,
				DE77BD0916897EF500C5E77B /* About.txt in Resources */,
				DE77BD1116897EF500C5E77B /* README.txt in Resources */,
			);
			runOnlyForDeploymentPostprocessing = 0;
		};
/* End PBXResourcesBuildPhase section */

/* Begin PBXSourcesBuildPhase section */
		DEE9E30616891C650083C0F1 /* Sources */ = {
			isa = PBXSourcesBuildPhase;
			buildActionMask = 2147483647;
			files = (
				DEE9E31B16891C650083C0F1 /* main.m in Sources */,
				DEE9E31F16891C650083C0F1 /* AppDelegate.m in Sources */,
				DEE9E32816891C650083C0F1 /* ViewController.m in Sources */,
				DE77BC9816897EF500C5E77B /* DDData.m in Sources */,
				DE77BC9916897EF500C5E77B /* DDNumber.m in Sources */,
				DE77BC9A16897EF500C5E77B /* DDRange.m in Sources */,
				DE77BC9B16897EF500C5E77B /* HTTPAuthenticationRequest.m in Sources */,
				DE77BC9C16897EF500C5E77B /* HTTPConnection.m in Sources */,
				DE77BC9D16897EF500C5E77B /* HTTPMessage.m in Sources */,
				DE77BC9E16897EF500C5E77B /* HTTPServer.m in Sources */,
				DE77BC9F16897EF500C5E77B /* MultipartFormDataParser.m in Sources */,
				DE77BCA016897EF500C5E77B /* MultipartMessageHeader.m in Sources */,
				DE77BCA116897EF500C5E77B /* MultipartMessageHeaderField.m in Sources */,
				DE77BCA216897EF500C5E77B /* HTTPAsyncFileResponse.m in Sources */,
				DE77BCA316897EF500C5E77B /* HTTPDataResponse.m in Sources */,
				DE77BCA416897EF500C5E77B /* HTTPDynamicFileResponse.m in Sources */,
				DE77BCA516897EF500C5E77B /* HTTPFileResponse.m in Sources */,
				DE77BCA616897EF500C5E77B /* HTTPRedirectResponse.m in Sources */,
				DE77BCA716897EF500C5E77B /* WebSocket.m in Sources */,
				DE77BD0816897EF500C5E77B /* GCDAsyncSocket.m in Sources */,
				DE77BD0A16897EF500C5E77B /* DDAbstractDatabaseLogger.m in Sources */,
				DE77BD0B16897EF500C5E77B /* DDASLLogger.m in Sources */,
				DE77BD0C16897EF500C5E77B /* DDFileLogger.m in Sources */,
				DE77BD0D16897EF500C5E77B /* DDLog.m in Sources */,
				DE77BD0E16897EF500C5E77B /* DDTTYLogger.m in Sources */,
				DE77BD0F16897EF500C5E77B /* ContextFilterLogFormatter.m in Sources */,
				DE77BD1016897EF500C5E77B /* DispatchQueueLogFormatter.m in Sources */,
				DE77BD1416897EF500C5E77B /* HTTPResponseProxy.m in Sources */,
				DE77BD1516897EF500C5E77B /* Route.m in Sources */,
				DE77BD1616897EF500C5E77B /* RouteRequest.m in Sources */,
				DE77BD1716897EF500C5E77B /* RouteResponse.m in Sources */,
				DE77BD1816897EF500C5E77B /* RoutingConnection.m in Sources */,
				DE77BD1916897EF500C5E77B /* RoutingHTTPServer.m in Sources */,
			);
			runOnlyForDeploymentPostprocessing = 0;
		};
/* End PBXSourcesBuildPhase section */

/* Begin PBXVariantGroup section */
		DEE9E31716891C650083C0F1 /* InfoPlist.strings */ = {
			isa = PBXVariantGroup;
			children = (
				DEE9E31816891C650083C0F1 /* en */,
			);
			name = InfoPlist.strings;
			sourceTree = "<group>";
		};
		DEE9E32916891C650083C0F1 /* ViewController.xib */ = {
			isa = PBXVariantGroup;
			children = (
				DEE9E32A16891C650083C0F1 /* en */,
			);
			name = ViewController.xib;
			sourceTree = "<group>";
		};
/* End PBXVariantGroup section */

/* Begin XCBuildConfiguration section */
		DEE9E32C16891C650083C0F1 /* Debug */ = {
			isa = XCBuildConfiguration;
			buildSettings = {
				ALWAYS_SEARCH_USER_PATHS = NO;
				CLANG_CXX_LANGUAGE_STANDARD = "gnu++0x";
				CLANG_CXX_LIBRARY = "libc++";
				CLANG_ENABLE_OBJC_ARC = YES;
				CLANG_WARN_EMPTY_BODY = YES;
				CLANG_WARN__DUPLICATE_METHOD_MATCH = YES;
				"CODE_SIGN_IDENTITY[sdk=iphoneos*]" = "iPhone Developer";
				COPY_PHASE_STRIP = NO;
				GCC_C_LANGUAGE_STANDARD = gnu99;
				GCC_DYNAMIC_NO_PIC = NO;
				GCC_OPTIMIZATION_LEVEL = 0;
				GCC_PREPROCESSOR_DEFINITIONS = (
					"DEBUG=1",
					"$(inherited)",
				);
				GCC_SYMBOLS_PRIVATE_EXTERN = NO;
				GCC_WARN_ABOUT_RETURN_TYPE = YES;
				GCC_WARN_UNINITIALIZED_AUTOS = YES;
				GCC_WARN_UNUSED_VARIABLE = YES;
				IPHONEOS_DEPLOYMENT_TARGET = 6.0;
				ONLY_ACTIVE_ARCH = YES;
				SDKROOT = iphoneos;
			};
			name = Debug;
		};
		DEE9E32D16891C650083C0F1 /* Release */ = {
			isa = XCBuildConfiguration;
			buildSettings = {
				ALWAYS_SEARCH_USER_PATHS = NO;
				CLANG_CXX_LANGUAGE_STANDARD = "gnu++0x";
				CLANG_CXX_LIBRARY = "libc++";
				CLANG_ENABLE_OBJC_ARC = YES;
				CLANG_WARN_EMPTY_BODY = YES;
				CLANG_WARN__DUPLICATE_METHOD_MATCH = YES;
				"CODE_SIGN_IDENTITY[sdk=iphoneos*]" = "iPhone Developer";
				COPY_PHASE_STRIP = YES;
				GCC_C_LANGUAGE_STANDARD = gnu99;
				GCC_WARN_ABOUT_RETURN_TYPE = YES;
				GCC_WARN_UNINITIALIZED_AUTOS = YES;
				GCC_WARN_UNUSED_VARIABLE = YES;
				IPHONEOS_DEPLOYMENT_TARGET = 6.0;
				OTHER_CFLAGS = "-DNS_BLOCK_ASSERTIONS=1";
				SDKROOT = iphoneos;
				VALIDATE_PRODUCT = YES;
			};
			name = Release;
		};
		DEE9E32F16891C650083C0F1 /* Debug */ = {
			isa = XCBuildConfiguration;
			buildSettings = {
				GCC_PRECOMPILE_PREFIX_HEADER = YES;
				GCC_PREFIX_HEADER = "Jukebox/Jukebox-Prefix.pch";
				INFOPLIST_FILE = "Jukebox/Jukebox-Info.plist";
				IPHONEOS_DEPLOYMENT_TARGET = 5.0;
				PRODUCT_NAME = "$(TARGET_NAME)";
				WRAPPER_EXTENSION = app;
			};
			name = Debug;
		};
		DEE9E33016891C650083C0F1 /* Release */ = {
			isa = XCBuildConfiguration;
			buildSettings = {
				GCC_PRECOMPILE_PREFIX_HEADER = YES;
				GCC_PREFIX_HEADER = "Jukebox/Jukebox-Prefix.pch";
				INFOPLIST_FILE = "Jukebox/Jukebox-Info.plist";
				IPHONEOS_DEPLOYMENT_TARGET = 5.0;
				PRODUCT_NAME = "$(TARGET_NAME)";
				WRAPPER_EXTENSION = app;
			};
			name = Release;
		};
/* End XCBuildConfiguration section */

/* Begin XCConfigurationList section */
		DEE9E30416891C650083C0F1 /* Build configuration list for PBXProject "Jukebox" */ = {
			isa = XCConfigurationList;
			buildConfigurations = (
				DEE9E32C16891C650083C0F1 /* Debug */,
				DEE9E32D16891C650083C0F1 /* Release */,
			);
			defaultConfigurationIsVisible = 0;
			defaultConfigurationName = Release;
		};
		DEE9E32E16891C650083C0F1 /* Build configuration list for PBXNativeTarget "Jukebox" */ = {
			isa = XCConfigurationList;
			buildConfigurations = (
				DEE9E32F16891C650083C0F1 /* Debug */,
				DEE9E33016891C650083C0F1 /* Release */,
			);
			defaultConfigurationIsVisible = 0;
			defaultConfigurationName = Release;
		};
/* End XCConfigurationList section */
	};
	rootObject = DEE9E30116891C650083C0F1 /* Project object */;
}
